
Microsoft Visual Studio Solution File, Format Version 12.00
# Visual Studio 15
VisualStudioVersion = 15.0.28307.329
MinimumVisualStudioVersion = 10.0.40219.1
Project("{FAE04EC0-301F-11D3-BF4B-00C04F79EFBC}") = "Wallace Wallace Hello Git", "Wallace Wallace Hello Git\Wallace Wallace Hello Git.csproj", "{95504821-D719-47AF-9AF5-8CAB4BC1BD7B}"
EndProject
Global
	GlobalSection(SolutionConfigurationPlatforms) = preSolution
		Debug|Any CPU = Debug|Any CPU
		Release|Any CPU = Release|Any CPU
	EndGlobalSection
	GlobalSection(ProjectConfigurationPlatforms) = postSolution
		{95504821-D719-47AF-9AF5-8CAB4BC1BD7B}.Debug|Any CPU.ActiveCfg = Debug|Any CPU
		{95504821-D719-47AF-9AF5-8CAB4BC1BD7B}.Debug|Any CPU.Build.0 = Debug|Any CPU
		{95504821-D719-47AF-9AF5-8CAB4BC1BD7B}.Release|Any CPU.ActiveCfg = Release|Any CPU
		{95504821-D719-47AF-9AF5-8CAB4BC1BD7B}.Release|Any CPU.Build.0 = Release|Any CPU
	EndGlobalSection
	GlobalSection(SolutionProperties) = preSolution
		HideSolutionNode = FALSE
	EndGlobalSection
	GlobalSection(ExtensibilityGlobals) = postSolution
		SolutionGuid = {D8D04CB2-4EB4-4FDE-8CC5-17520F44D4E2}
	EndGlobalSection
EndGlobal
